// !$*UTF8*$!
{
	archiveVersion = 1;
	classes = {
	};
	objectVersion = 55;
	objects = {

/* Begin PBXBuildFile section */
		7474824527B2B3C500B98A3B /* GoogleService-Info.plist in Resources */ = {isa = PBXBuildFile; fileRef = 7474824427B2B3C500B98A3B /* GoogleService-Info.plist */; };
		7474824727B2B59F00B98A3B /* Hud.swift in Sources */ = {isa = PBXBuildFile; fileRef = 7474824627B2B59E00B98A3B /* Hud.swift */; };
		7474824A27B2BAEF00B98A3B /* ApiWorker.swift in Sources */ = {isa = PBXBuildFile; fileRef = 7474824927B2BAEF00B98A3B /* ApiWorker.swift */; };
		7474824C27B2BB2500B98A3B /* APiWorker+Injection.swift in Sources */ = {isa = PBXBuildFile; fileRef = 7474824B27B2BB2500B98A3B /* APiWorker+Injection.swift */; };
		7474824F27B2BBAF00B98A3B /* ArticleModel.swift in Sources */ = {isa = PBXBuildFile; fileRef = 7474824E27B2BBAF00B98A3B /* ArticleModel.swift */; };
		749E6FFF27B1D973008A7BCD /* UIFont.swift in Sources */ = {isa = PBXBuildFile; fileRef = 749E6FFE27B1D973008A7BCD /* UIFont.swift */; };
		749E700127B1D97C008A7BCD /* UIImage+Extension.swift in Sources */ = {isa = PBXBuildFile; fileRef = 749E700027B1D97C008A7BCD /* UIImage+Extension.swift */; };
		749E700627B1D9BA008A7BCD /* APiNetworking.swift in Sources */ = {isa = PBXBuildFile; fileRef = 749E700527B1D9BA008A7BCD /* APiNetworking.swift */; };
		749E700927B1D9D0008A7BCD /* AuthFirebaseLayer.swift in Sources */ = {isa = PBXBuildFile; fileRef = 749E700727B1D9D0008A7BCD /* AuthFirebaseLayer.swift */; };
		749E700A27B1D9D0008A7BCD /* FirebaseWorker.swift in Sources */ = {isa = PBXBuildFile; fileRef = 749E700827B1D9D0008A7BCD /* FirebaseWorker.swift */; };
		749E701427B1DDF1008A7BCD /* Firebase+Injection.swift in Sources */ = {isa = PBXBuildFile; fileRef = 749E701327B1DDF1008A7BCD /* Firebase+Injection.swift */; };
		74BCF18427B18EE40096E583 /* AppDelegate.swift in Sources */ = {isa = PBXBuildFile; fileRef = 74BCF18327B18EE40096E583 /* AppDelegate.swift */; };
		74BCF18627B18EE50096E583 /* SceneDelegate.swift in Sources */ = {isa = PBXBuildFile; fileRef = 74BCF18527B18EE50096E583 /* SceneDelegate.swift */; };
		74BCF18D27B18EE70096E583 /* Assets.xcassets in Resources */ = {isa = PBXBuildFile; fileRef = 74BCF18C27B18EE70096E583 /* Assets.xcassets */; };
		74BCF19027B18EE70096E583 /* LaunchScreen.storyboard in Resources */ = {isa = PBXBuildFile; fileRef = 74BCF18E27B18EE70096E583 /* LaunchScreen.storyboard */; };
		74BCF1A527B1902B0096E583 /* LoginViewController.swift in Sources */ = {isa = PBXBuildFile; fileRef = 74BCF1A327B1902B0096E583 /* LoginViewController.swift */; };
		74BCF1A927B1904D0096E583 /* LoginPresenter.swift in Sources */ = {isa = PBXBuildFile; fileRef = 74BCF1A827B1904D0096E583 /* LoginPresenter.swift */; };
		74BCF1AB27B190640096E583 /* LoginInteractor.swift in Sources */ = {isa = PBXBuildFile; fileRef = 74BCF1AA27B190640096E583 /* LoginInteractor.swift */; };
		74BCF1AD27B192580096E583 /* LoginProtocols.swift in Sources */ = {isa = PBXBuildFile; fileRef = 74BCF1AC27B192580096E583 /* LoginProtocols.swift */; };
		74BCF1AF27B193600096E583 /* LoginRouter.swift in Sources */ = {isa = PBXBuildFile; fileRef = 74BCF1AE27B193600096E583 /* LoginRouter.swift */; };
		74BCF1B127B193990096E583 /* LoginView + Inject.swift in Sources */ = {isa = PBXBuildFile; fileRef = 74BCF1B027B193990096E583 /* LoginView + Inject.swift */; };
		74BCF1B427B193D10096E583 /* registrationDependency.swift in Sources */ = {isa = PBXBuildFile; fileRef = 74BCF1B327B193D10096E583 /* registrationDependency.swift */; };
		74BCF1B727B1AD3E0096E583 /* RegisterProtocol.swift in Sources */ = {isa = PBXBuildFile; fileRef = 74BCF1B627B1AD3E0096E583 /* RegisterProtocol.swift */; };
		74BCF1B927B1AD5F0096E583 /* RegisterInteractor.swift in Sources */ = {isa = PBXBuildFile; fileRef = 74BCF1B827B1AD5F0096E583 /* RegisterInteractor.swift */; };
		74BCF1BB27B1AD730096E583 /* RegisterRouter.swift in Sources */ = {isa = PBXBuildFile; fileRef = 74BCF1BA27B1AD730096E583 /* RegisterRouter.swift */; };
		74BCF1BD27B1AD8B0096E583 /* RegiseterPresenter.swift in Sources */ = {isa = PBXBuildFile; fileRef = 74BCF1BC27B1AD8B0096E583 /* RegiseterPresenter.swift */; };
		74BCF1C027B1AE630096E583 /* RegisterViewController.swift in Sources */ = {isa = PBXBuildFile; fileRef = 74BCF1BE27B1AE630096E583 /* RegisterViewController.swift */; };
		74BCF1C327B1AEBB0096E583 /* RegisterView + Inject.swift in Sources */ = {isa = PBXBuildFile; fileRef = 74BCF1C227B1AEBB0096E583 /* RegisterView + Inject.swift */; };
		E33B936A2F494C74537FB6B0 /* Pods_Swinject_Project.framework in Frameworks */ = {isa = PBXBuildFile; fileRef = 0138AFE506E57A278F67DDFA /* Pods_Swinject_Project.framework */; };
/* End PBXBuildFile section */

/* Begin PBXFileReference section */
		0138AFE506E57A278F67DDFA /* Pods_Swinject_Project.framework */ = {isa = PBXFileReference; explicitFileType = wrapper.framework; includeInIndex = 0; path = Pods_Swinject_Project.framework; sourceTree = BUILT_PRODUCTS_DIR; };
		1E66237E10826159045BFAF6 /* Pods-Swinject_Project.release.xcconfig */ = {isa = PBXFileReference; includeInIndex = 1; lastKnownFileType = text.xcconfig; name = "Pods-Swinject_Project.release.xcconfig"; path = "Target Support Files/Pods-Swinject_Project/Pods-Swinject_Project.release.xcconfig"; sourceTree = "<group>"; };
		4A774DE7F80A36B05F3AF579 /* Pods-Swinject_Project.debug.xcconfig */ = {isa = PBXFileReference; includeInIndex = 1; lastKnownFileType = text.xcconfig; name = "Pods-Swinject_Project.debug.xcconfig"; path = "Target Support Files/Pods-Swinject_Project/Pods-Swinject_Project.debug.xcconfig"; sourceTree = "<group>"; };
		7474824427B2B3C500B98A3B /* GoogleService-Info.plist */ = {isa = PBXFileReference; fileEncoding = 4; lastKnownFileType = text.plist.xml; path = "GoogleService-Info.plist"; sourceTree = "<group>"; };
		7474824627B2B59E00B98A3B /* Hud.swift */ = {isa = PBXFileReference; fileEncoding = 4; lastKnownFileType = sourcecode.swift; path = Hud.swift; sourceTree = "<group>"; };
		7474824927B2BAEF00B98A3B /* ApiWorker.swift */ = {isa = PBXFileReference; fileEncoding = 4; lastKnownFileType = sourcecode.swift; path = ApiWorker.swift; sourceTree = "<group>"; };
		7474824B27B2BB2500B98A3B /* APiWorker+Injection.swift */ = {isa = PBXFileReference; lastKnownFileType = sourcecode.swift; path = "APiWorker+Injection.swift"; sourceTree = "<group>"; };
		7474824E27B2BBAF00B98A3B /* ArticleModel.swift */ = {isa = PBXFileReference; fileEncoding = 4; lastKnownFileType = sourcecode.swift; path = ArticleModel.swift; sourceTree = "<group>"; };
		749E6FFE27B1D973008A7BCD /* UIFont.swift */ = {isa = PBXFileReference; fileEncoding = 4; lastKnownFileType = sourcecode.swift; path = UIFont.swift; sourceTree = "<group>"; };
		749E700027B1D97C008A7BCD /* UIImage+Extension.swift */ = {isa = PBXFileReference; fileEncoding = 4; lastKnownFileType = sourcecode.swift; path = "UIImage+Extension.swift"; sourceTree = "<group>"; };
		749E700527B1D9BA008A7BCD /* APiNetworking.swift */ = {isa = PBXFileReference; fileEncoding = 4; lastKnownFileType = sourcecode.swift; path = APiNetworking.swift; sourceTree = "<group>"; };
		749E700727B1D9D0008A7BCD /* AuthFirebaseLayer.swift */ = {isa = PBXFileReference; fileEncoding = 4; lastKnownFileType = sourcecode.swift; path = AuthFirebaseLayer.swift; sourceTree = "<group>"; };
		749E700827B1D9D0008A7BCD /* FirebaseWorker.swift */ = {isa = PBXFileReference; fileEncoding = 4; lastKnownFileType = sourcecode.swift; path = FirebaseWorker.swift; sourceTree = "<group>"; };
		749E701327B1DDF1008A7BCD /* Firebase+Injection.swift */ = {isa = PBXFileReference; lastKnownFileType = sourcecode.swift; path = "Firebase+Injection.swift"; sourceTree = "<group>"; };
		74BCF18027B18EE40096E583 /* Swinject_Project.app */ = {isa = PBXFileReference; explicitFileType = wrapper.application; includeInIndex = 0; path = Swinject_Project.app; sourceTree = BUILT_PRODUCTS_DIR; };
		74BCF18327B18EE40096E583 /* AppDelegate.swift */ = {isa = PBXFileReference; lastKnownFileType = sourcecode.swift; path = AppDelegate.swift; sourceTree = "<group>"; };
		74BCF18527B18EE50096E583 /* SceneDelegate.swift */ = {isa = PBXFileReference; lastKnownFileType = sourcecode.swift; path = SceneDelegate.swift; sourceTree = "<group>"; };
		74BCF18C27B18EE70096E583 /* Assets.xcassets */ = {isa = PBXFileReference; lastKnownFileType = folder.assetcatalog; path = Assets.xcassets; sourceTree = "<group>"; };
		74BCF18F27B18EE70096E583 /* Base */ = {isa = PBXFileReference; lastKnownFileType = file.storyboard; name = Base; path = Base.lproj/LaunchScreen.storyboard; sourceTree = "<group>"; };
		74BCF19127B18EE70096E583 /* Info.plist */ = {isa = PBXFileReference; lastKnownFileType = text.plist.xml; path = Info.plist; sourceTree = "<group>"; };
		74BCF1A327B1902B0096E583 /* LoginViewController.swift */ = {isa = PBXFileReference; lastKnownFileType = sourcecode.swift; path = LoginViewController.swift; sourceTree = "<group>"; };
		74BCF1A827B1904D0096E583 /* LoginPresenter.swift */ = {isa = PBXFileReference; lastKnownFileType = sourcecode.swift; path = LoginPresenter.swift; sourceTree = "<group>"; };
		74BCF1AA27B190640096E583 /* LoginInteractor.swift */ = {isa = PBXFileReference; lastKnownFileType = sourcecode.swift; path = LoginInteractor.swift; sourceTree = "<group>"; };
		74BCF1AC27B192580096E583 /* LoginProtocols.swift */ = {isa = PBXFileReference; lastKnownFileType = sourcecode.swift; path = LoginProtocols.swift; sourceTree = "<group>"; };
		74BCF1AE27B193600096E583 /* LoginRouter.swift */ = {isa = PBXFileReference; lastKnownFileType = sourcecode.swift; path = LoginRouter.swift; sourceTree = "<group>"; };
		74BCF1B027B193990096E583 /* LoginView + Inject.swift */ = {isa = PBXFileReference; lastKnownFileType = sourcecode.swift; path = "LoginView + Inject.swift"; sourceTree = "<group>"; };
		74BCF1B327B193D10096E583 /* registrationDependency.swift */ = {isa = PBXFileReference; lastKnownFileType = sourcecode.swift; path = registrationDependency.swift; sourceTree = "<group>"; };
		74BCF1B627B1AD3E0096E583 /* RegisterProtocol.swift */ = {isa = PBXFileReference; lastKnownFileType = sourcecode.swift; path = RegisterProtocol.swift; sourceTree = "<group>"; };
		74BCF1B827B1AD5F0096E583 /* RegisterInteractor.swift */ = {isa = PBXFileReference; lastKnownFileType = sourcecode.swift; path = RegisterInteractor.swift; sourceTree = "<group>"; };
		74BCF1BA27B1AD730096E583 /* RegisterRouter.swift */ = {isa = PBXFileReference; lastKnownFileType = sourcecode.swift; path = RegisterRouter.swift; sourceTree = "<group>"; };
		74BCF1BC27B1AD8B0096E583 /* RegiseterPresenter.swift */ = {isa = PBXFileReference; lastKnownFileType = sourcecode.swift; path = RegiseterPresenter.swift; sourceTree = "<group>"; };
		74BCF1BE27B1AE630096E583 /* RegisterViewController.swift */ = {isa = PBXFileReference; lastKnownFileType = sourcecode.swift; path = RegisterViewController.swift; sourceTree = "<group>"; };
		74BCF1C227B1AEBB0096E583 /* RegisterView + Inject.swift */ = {isa = PBXFileReference; lastKnownFileType = sourcecode.swift; path = "RegisterView + Inject.swift"; sourceTree = "<group>"; };
/* End PBXFileReference section */

/* Begin PBXFrameworksBuildPhase section */
		74BCF17D27B18EE40096E583 /* Frameworks */ = {
			isa = PBXFrameworksBuildPhase;
			buildActionMask = 2147483647;
			files = (
				E33B936A2F494C74537FB6B0 /* Pods_Swinject_Project.framework in Frameworks */,
			);
			runOnlyForDeploymentPostprocessing = 0;
		};
/* End PBXFrameworksBuildPhase section */

/* Begin PBXGroup section */
		7474824827B2B5A200B98A3B /* Helper  */ = {
			isa = PBXGroup;
			children = (
				7474824627B2B59E00B98A3B /* Hud.swift */,
			);
			path = "Helper ";
			sourceTree = "<group>";
		};
		7474824D27B2BBAF00B98A3B /* Model */ = {
			isa = PBXGroup;
			children = (
				7474824E27B2BBAF00B98A3B /* ArticleModel.swift */,
			);
			path = Model;
			sourceTree = "<group>";
		};
		749E6FFD27B1D960008A7BCD /* Extension */ = {
			isa = PBXGroup;
			children = (
				749E6FFE27B1D973008A7BCD /* UIFont.swift */,
				749E700027B1D97C008A7BCD /* UIImage+Extension.swift */,
			);
			path = Extension;
			sourceTree = "<group>";
		};
		749E700227B1D980008A7BCD /* FManabger */ = {
			isa = PBXGroup;
			children = (
				749E700727B1D9D0008A7BCD /* AuthFirebaseLayer.swift */,
				749E700827B1D9D0008A7BCD /* FirebaseWorker.swift */,
				749E701327B1DDF1008A7BCD /* Firebase+Injection.swift */,
			);
			path = FManabger;
			sourceTree = "<group>";
		};
		749E700427B1D997008A7BCD /* NetworkManager */ = {
			isa = PBXGroup;
			children = (
				749E700527B1D9BA008A7BCD /* APiNetworking.swift */,
				7474824927B2BAEF00B98A3B /* ApiWorker.swift */,
				7474824B27B2BB2500B98A3B /* APiWorker+Injection.swift */,
			);
			path = NetworkManager;
			sourceTree = "<group>";
		};
		74BCF17727B18EE40096E583 = {
			isa = PBXGroup;
			children = (
				74BCF18227B18EE40096E583 /* Swinject_Project */,
				74BCF18127B18EE40096E583 /* Products */,
				F796A49881269D92850D4F13 /* Pods */,
				7896401A7B38970BDAA724A9 /* Frameworks */,
			);
			sourceTree = "<group>";
		};
		74BCF18127B18EE40096E583 /* Products */ = {
			isa = PBXGroup;
			children = (
				74BCF18027B18EE40096E583 /* Swinject_Project.app */,
			);
			name = Products;
			sourceTree = "<group>";
		};
		74BCF18227B18EE40096E583 /* Swinject_Project */ = {
			isa = PBXGroup;
			children = (
				74BCF19D27B18FA80096E583 /* Core */,
				7474824D27B2BBAF00B98A3B /* Model */,
				749E700427B1D997008A7BCD /* NetworkManager */,
				749E700227B1D980008A7BCD /* FManabger */,
				7474824827B2B5A200B98A3B /* Helper  */,
				749E6FFD27B1D960008A7BCD /* Extension */,
				74BCF19F27B18FC30096E583 /* DI */,
				74BCF1A027B18FC80096E583 /* Scenes */,
				74BCF19E27B18FB50096E583 /* Resources */,
				7474824427B2B3C500B98A3B /* GoogleService-Info.plist */,
				74BCF19127B18EE70096E583 /* Info.plist */,
			);
			path = Swinject_Project;
			sourceTree = "<group>";
		};
		74BCF19D27B18FA80096E583 /* Core */ = {
			isa = PBXGroup;
			children = (
				74BCF18327B18EE40096E583 /* AppDelegate.swift */,
				74BCF18527B18EE50096E583 /* SceneDelegate.swift */,
			);
			path = Core;
			sourceTree = "<group>";
		};
		74BCF19E27B18FB50096E583 /* Resources */ = {
			isa = PBXGroup;
			children = (
				74BCF18C27B18EE70096E583 /* Assets.xcassets */,
				74BCF18E27B18EE70096E583 /* LaunchScreen.storyboard */,
			);
			path = Resources;
			sourceTree = "<group>";
		};
		74BCF19F27B18FC30096E583 /* DI */ = {
			isa = PBXGroup;
			children = (
				74BCF1B227B193B10096E583 /* AppDelegate+Inject */,
			);
			path = DI;
			sourceTree = "<group>";
		};
		74BCF1A027B18FC80096E583 /* Scenes */ = {
			isa = PBXGroup;
			children = (
				74BCF1A127B18FD90096E583 /* Auth */,
			);
			path = Scenes;
			sourceTree = "<group>";
		};
		74BCF1A127B18FD90096E583 /* Auth */ = {
			isa = PBXGroup;
			children = (
				74BCF1A227B1900A0096E583 /* Login */,
				74BCF1B527B1AD2A0096E583 /* Register */,
			);
			path = Auth;
			sourceTree = "<group>";
		};
		74BCF1A227B1900A0096E583 /* Login */ = {
			isa = PBXGroup;
			children = (
				74BCF1A327B1902B0096E583 /* LoginViewController.swift */,
				74BCF1A827B1904D0096E583 /* LoginPresenter.swift */,
				74BCF1AA27B190640096E583 /* LoginInteractor.swift */,
				74BCF1AC27B192580096E583 /* LoginProtocols.swift */,
				74BCF1AE27B193600096E583 /* LoginRouter.swift */,
				74BCF1B027B193990096E583 /* LoginView + Inject.swift */,
			);
			path = Login;
			sourceTree = "<group>";
		};
		74BCF1B227B193B10096E583 /* AppDelegate+Inject */ = {
			isa = PBXGroup;
			children = (
				74BCF1B327B193D10096E583 /* registrationDependency.swift */,
			);
			path = "AppDelegate+Inject";
			sourceTree = "<group>";
		};
		74BCF1B527B1AD2A0096E583 /* Register */ = {
			isa = PBXGroup;
			children = (
				74BCF1B627B1AD3E0096E583 /* RegisterProtocol.swift */,
				74BCF1B827B1AD5F0096E583 /* RegisterInteractor.swift */,
				74BCF1BA27B1AD730096E583 /* RegisterRouter.swift */,
				74BCF1BC27B1AD8B0096E583 /* RegiseterPresenter.swift */,
				74BCF1BE27B1AE630096E583 /* RegisterViewController.swift */,
				74BCF1C227B1AEBB0096E583 /* RegisterView + Inject.swift */,
			);
			path = Register;
			sourceTree = "<group>";
		};
		7896401A7B38970BDAA724A9 /* Frameworks */ = {
			isa = PBXGroup;
			children = (
				0138AFE506E57A278F67DDFA /* Pods_Swinject_Project.framework */,
			);
			name = Frameworks;
			sourceTree = "<group>";
		};
		F796A49881269D92850D4F13 /* Pods */ = {
			isa = PBXGroup;
			children = (
				4A774DE7F80A36B05F3AF579 /* Pods-Swinject_Project.debug.xcconfig */,
				1E66237E10826159045BFAF6 /* Pods-Swinject_Project.release.xcconfig */,
			);
			path = Pods;
			sourceTree = "<group>";
		};
/* End PBXGroup section */

/* Begin PBXNativeTarget section */
		74BCF17F27B18EE40096E583 /* Swinject_Project */ = {
			isa = PBXNativeTarget;
			buildConfigurationList = 74BCF19427B18EE70096E583 /* Build configuration list for PBXNativeTarget "Swinject_Project" */;
			buildPhases = (
				3A63C638707D144B28E75746 /* [CP] Check Pods Manifest.lock */,
				74BCF17C27B18EE40096E583 /* Sources */,
				74BCF17D27B18EE40096E583 /* Frameworks */,
				74BCF17E27B18EE40096E583 /* Resources */,
				5CA967CFD2ACC5C825009122 /* [CP] Embed Pods Frameworks */,
			);
			buildRules = (
			);
			dependencies = (
			);
			name = Swinject_Project;
			productName = Swinject_Project;
			productReference = 74BCF18027B18EE40096E583 /* Swinject_Project.app */;
			productType = "com.apple.product-type.application";
		};
/* End PBXNativeTarget section */

/* Begin PBXProject section */
		74BCF17827B18EE40096E583 /* Project object */ = {
			isa = PBXProject;
			attributes = {
				BuildIndependentTargetsInParallel = 1;
				LastSwiftUpdateCheck = 1310;
				LastUpgradeCheck = 1310;
				TargetAttributes = {
					74BCF17F27B18EE40096E583 = {
						CreatedOnToolsVersion = 13.1;
					};
				};
			};
			buildConfigurationList = 74BCF17B27B18EE40096E583 /* Build configuration list for PBXProject "Swinject_Project" */;
			compatibilityVersion = "Xcode 13.0";
			developmentRegion = en;
			hasScannedForEncodings = 0;
			knownRegions = (
				en,
				Base,
			);
			mainGroup = 74BCF17727B18EE40096E583;
			productRefGroup = 74BCF18127B18EE40096E583 /* Products */;
			projectDirPath = "";
			projectRoot = "";
			targets = (
				74BCF17F27B18EE40096E583 /* Swinject_Project */,
			);
		};
/* End PBXProject section */

/* Begin PBXResourcesBuildPhase section */
		74BCF17E27B18EE40096E583 /* Resources */ = {
			isa = PBXResourcesBuildPhase;
			buildActionMask = 2147483647;
			files = (
				74BCF19027B18EE70096E583 /* LaunchScreen.storyboard in Resources */,
				74BCF18D27B18EE70096E583 /* Assets.xcassets in Resources */,
				7474824527B2B3C500B98A3B /* GoogleService-Info.plist in Resources */,
			);
			runOnlyForDeploymentPostprocessing = 0;
		};
/* End PBXResourcesBuildPhase section */

/* Begin PBXShellScriptBuildPhase section */
		3A63C638707D144B28E75746 /* [CP] Check Pods Manifest.lock */ = {
			isa = PBXShellScriptBuildPhase;
			buildActionMask = 2147483647;
			files = (
			);
			inputFileListPaths = (
			);
			inputPaths = (
				"${PODS_PODFILE_DIR_PATH}/Podfile.lock",
				"${PODS_ROOT}/Manifest.lock",
			);
			name = "[CP] Check Pods Manifest.lock";
			outputFileListPaths = (
			);
			outputPaths = (
				"$(DERIVED_FILE_DIR)/Pods-Swinject_Project-checkManifestLockResult.txt",
			);
			runOnlyForDeploymentPostprocessing = 0;
			shellPath = /bin/sh;
			shellScript = "diff \"${PODS_PODFILE_DIR_PATH}/Podfile.lock\" \"${PODS_ROOT}/Manifest.lock\" > /dev/null\nif [ $? != 0 ] ; then\n    # print error to STDERR\n    echo \"error: The sandbox is not in sync with the Podfile.lock. Run 'pod install' or update your CocoaPods installation.\" >&2\n    exit 1\nfi\n# This output is used by Xcode 'outputs' to avoid re-running this script phase.\necho \"SUCCESS\" > \"${SCRIPT_OUTPUT_FILE_0}\"\n";
			showEnvVarsInLog = 0;
		};
		5CA967CFD2ACC5C825009122 /* [CP] Embed Pods Frameworks */ = {
			isa = PBXShellScriptBuildPhase;
			buildActionMask = 2147483647;
			files = (
			);
			inputFileListPaths = (
				"${PODS_ROOT}/Target Support Files/Pods-Swinject_Project/Pods-Swinject_Project-frameworks-${CONFIGURATION}-input-files.xcfilelist",
			);
			name = "[CP] Embed Pods Frameworks";
			outputFileListPaths = (
				"${PODS_ROOT}/Target Support Files/Pods-Swinject_Project/Pods-Swinject_Project-frameworks-${CONFIGURATION}-output-files.xcfilelist",
			);
			runOnlyForDeploymentPostprocessing = 0;
			shellPath = /bin/sh;
			shellScript = "\"${PODS_ROOT}/Target Support Files/Pods-Swinject_Project/Pods-Swinject_Project-frameworks.sh\"\n";
			showEnvVarsInLog = 0;
		};
/* End PBXShellScriptBuildPhase section */

/* Begin PBXSourcesBuildPhase section */
		74BCF17C27B18EE40096E583 /* Sources */ = {
			isa = PBXSourcesBuildPhase;
			buildActionMask = 2147483647;
			files = (
				74BCF1B427B193D10096E583 /* registrationDependency.swift in Sources */,
				74BCF1A927B1904D0096E583 /* LoginPresenter.swift in Sources */,
				74BCF1B727B1AD3E0096E583 /* RegisterProtocol.swift in Sources */,
				74BCF1A527B1902B0096E583 /* LoginViewController.swift in Sources */,
				74BCF18427B18EE40096E583 /* AppDelegate.swift in Sources */,
				749E700927B1D9D0008A7BCD /* AuthFirebaseLayer.swift in Sources */,
				7474824F27B2BBAF00B98A3B /* ArticleModel.swift in Sources */,
				74BCF1BD27B1AD8B0096E583 /* RegiseterPresenter.swift in Sources */,
				74BCF1BB27B1AD730096E583 /* RegisterRouter.swift in Sources */,
				74BCF1AD27B192580096E583 /* LoginProtocols.swift in Sources */,
				74BCF1C327B1AEBB0096E583 /* RegisterView + Inject.swift in Sources */,
				749E701427B1DDF1008A7BCD /* Firebase+Injection.swift in Sources */,
				7474824727B2B59F00B98A3B /* Hud.swift in Sources */,
				74BCF1AB27B190640096E583 /* LoginInteractor.swift in Sources */,
				749E700627B1D9BA008A7BCD /* APiNetworking.swift in Sources */,
				7474824C27B2BB2500B98A3B /* APiWorker+Injection.swift in Sources */,
				74BCF1C027B1AE630096E583 /* RegisterViewController.swift in Sources */,
				7474824A27B2BAEF00B98A3B /* ApiWorker.swift in Sources */,
				74BCF1AF27B193600096E583 /* LoginRouter.swift in Sources */,
				749E700A27B1D9D0008A7BCD /* FirebaseWorker.swift in Sources */,
				749E700127B1D97C008A7BCD /* UIImage+Extension.swift in Sources */,
				749E6FFF27B1D973008A7BCD /* UIFont.swift in Sources */,
				74BCF1B927B1AD5F0096E583 /* RegisterInteractor.swift in Sources */,
				74BCF18627B18EE50096E583 /* SceneDelegate.swift in Sources */,
				74BCF1B127B193990096E583 /* LoginView + Inject.swift in Sources */,
			);
			runOnlyForDeploymentPostprocessing = 0;
		};
/* End PBXSourcesBuildPhase section */

/* Begin PBXVariantGroup section */
		74BCF18E27B18EE70096E583 /* LaunchScreen.storyboard */ = {
			isa = PBXVariantGroup;
			children = (
				74BCF18F27B18EE70096E583 /* Base */,
			);
			name = LaunchScreen.storyboard;
			sourceTree = "<group>";
		};
/* End PBXVariantGroup section */

/* Begin XCBuildConfiguration section */
		74BCF19227B18EE70096E583 /* Debug */ = {
			isa = XCBuildConfiguration;
			buildSettings = {
				ALWAYS_SEARCH_USER_PATHS = NO;
				CLANG_ANALYZER_NONNULL = YES;
				CLANG_ANALYZER_NUMBER_OBJECT_CONVERSION = YES_AGGRESSIVE;
				CLANG_CXX_LANGUAGE_STANDARD = "gnu++17";
				CLANG_CXX_LIBRARY = "libc++";
				CLANG_ENABLE_MODULES = YES;
				CLANG_ENABLE_OBJC_ARC = YES;
				CLANG_ENABLE_OBJC_WEAK = YES;
				CLANG_WARN_BLOCK_CAPTURE_AUTORELEASING = YES;
				CLANG_WARN_BOOL_CONVERSION = YES;
				CLANG_WARN_COMMA = YES;
				CLANG_WARN_CONSTANT_CONVERSION = YES;
				CLANG_WARN_DEPRECATED_OBJC_IMPLEMENTATIONS = YES;
				CLANG_WARN_DIRECT_OBJC_ISA_USAGE = YES_ERROR;
				CLANG_WARN_DOCUMENTATION_COMMENTS = YES;
				CLANG_WARN_EMPTY_BODY = YES;
				CLANG_WARN_ENUM_CONVERSION = YES;
				CLANG_WARN_INFINITE_RECURSION = YES;
				CLANG_WARN_INT_CONVERSION = YES;
				CLANG_WARN_NON_LITERAL_NULL_CONVERSION = YES;
				CLANG_WARN_OBJC_IMPLICIT_RETAIN_SELF = YES;
				CLANG_WARN_OBJC_LITERAL_CONVERSION = YES;
				CLANG_WARN_OBJC_ROOT_CLASS = YES_ERROR;
				CLANG_WARN_QUOTED_INCLUDE_IN_FRAMEWORK_HEADER = YES;
				CLANG_WARN_RANGE_LOOP_ANALYSIS = YES;
				CLANG_WARN_STRICT_PROTOTYPES = YES;
				CLANG_WARN_SUSPICIOUS_MOVE = YES;
				CLANG_WARN_UNGUARDED_AVAILABILITY = YES_AGGRESSIVE;
				CLANG_WARN_UNREACHABLE_CODE = YES;
				CLANG_WARN__DUPLICATE_METHOD_MATCH = YES;
				COPY_PHASE_STRIP = NO;
				DEBUG_INFORMATION_FORMAT = dwarf;
				ENABLE_STRICT_OBJC_MSGSEND = YES;
				ENABLE_TESTABILITY = YES;
				GCC_C_LANGUAGE_STANDARD = gnu11;
				GCC_DYNAMIC_NO_PIC = NO;
				GCC_NO_COMMON_BLOCKS = YES;
				GCC_OPTIMIZATION_LEVEL = 0;
				GCC_PREPROCESSOR_DEFINITIONS = (
					"DEBUG=1",
					"$(inherited)",
				);
				GCC_WARN_64_TO_32_BIT_CONVERSION = YES;
				GCC_WARN_ABOUT_RETURN_TYPE = YES_ERROR;
				GCC_WARN_UNDECLARED_SELECTOR = YES;
				GCC_WARN_UNINITIALIZED_AUTOS = YES_AGGRESSIVE;
				GCC_WARN_UNUSED_FUNCTION = YES;
				GCC_WARN_UNUSED_VARIABLE = YES;
				IPHONEOS_DEPLOYMENT_TARGET = 15.0;
				MTL_ENABLE_DEBUG_INFO = INCLUDE_SOURCE;
				MTL_FAST_MATH = YES;
				ONLY_ACTIVE_ARCH = YES;
				SDKROOT = iphoneos;
				SWIFT_ACTIVE_COMPILATION_CONDITIONS = DEBUG;
				SWIFT_OPTIMIZATION_LEVEL = "-Onone";
			};
			name = Debug;
		};
		74BCF19327B18EE70096E583 /* Release */ = {
			isa = XCBuildConfiguration;
			buildSettings = {
				ALWAYS_SEARCH_USER_PATHS = NO;
				CLANG_ANALYZER_NONNULL = YES;
				CLANG_ANALYZER_NUMBER_OBJECT_CONVERSION = YES_AGGRESSIVE;
				CLANG_CXX_LANGUAGE_STANDARD = "gnu++17";
				CLANG_CXX_LIBRARY = "libc++";
				CLANG_ENABLE_MODULES = YES;
				CLANG_ENABLE_OBJC_ARC = YES;
				CLANG_ENABLE_OBJC_WEAK = YES;
				CLANG_WARN_BLOCK_CAPTURE_AUTORELEASING = YES;
				CLANG_WARN_BOOL_CONVERSION = YES;
				CLANG_WARN_COMMA = YES;
				CLANG_WARN_CONSTANT_CONVERSION = YES;
				CLANG_WARN_DEPRECATED_OBJC_IMPLEMENTATIONS = YES;
				CLANG_WARN_DIRECT_OBJC_ISA_USAGE = YES_ERROR;
				CLANG_WARN_DOCUMENTATION_COMMENTS = YES;
				CLANG_WARN_EMPTY_BODY = YES;
				CLANG_WARN_ENUM_CONVERSION = YES;
				CLANG_WARN_INFINITE_RECURSION = YES;
				CLANG_WARN_INT_CONVERSION = YES;
				CLANG_WARN_NON_LITERAL_NULL_CONVERSION = YES;
				CLANG_WARN_OBJC_IMPLICIT_RETAIN_SELF = YES;
				CLANG_WARN_OBJC_LITERAL_CONVERSION = YES;
				CLANG_WARN_OBJC_ROOT_CLASS = YES_ERROR;
				CLANG_WARN_QUOTED_INCLUDE_IN_FRAMEWORK_HEADER = YES;
				CLANG_WARN_RANGE_LOOP_ANALYSIS = YES;
				CLANG_WARN_STRICT_PROTOTYPES = YES;
				CLANG_WARN_SUSPICIOUS_MOVE = YES;
				CLANG_WARN_UNGUARDED_AVAILABILITY = YES_AGGRESSIVE;
				CLANG_WARN_UNREACHABLE_CODE = YES;
				CLANG_WARN__DUPLICATE_METHOD_MATCH = YES;
				COPY_PHASE_STRIP = NO;
				DEBUG_INFORMATION_FORMAT = "dwarf-with-dsym";
				ENABLE_NS_ASSERTIONS = NO;
				ENABLE_STRICT_OBJC_MSGSEND = YES;
				GCC_C_LANGUAGE_STANDARD = gnu11;
				GCC_NO_COMMON_BLOCKS = YES;
				GCC_WARN_64_TO_32_BIT_CONVERSION = YES;
				GCC_WARN_ABOUT_RETURN_TYPE = YES_ERROR;
				GCC_WARN_UNDECLARED_SELECTOR = YES;
				GCC_WARN_UNINITIALIZED_AUTOS = YES_AGGRESSIVE;
				GCC_WARN_UNUSED_FUNCTION = YES;
				GCC_WARN_UNUSED_VARIABLE = YES;
				IPHONEOS_DEPLOYMENT_TARGET = 15.0;
				MTL_ENABLE_DEBUG_INFO = NO;
				MTL_FAST_MATH = YES;
				SDKROOT = iphoneos;
				SWIFT_COMPILATION_MODE = wholemodule;
				SWIFT_OPTIMIZATION_LEVEL = "-O";
				VALIDATE_PRODUCT = YES;
			};
			name = Release;
		};
		74BCF19527B18EE70096E583 /* Debug */ = {
			isa = XCBuildConfiguration;
			baseConfigurationReference = 4A774DE7F80A36B05F3AF579 /* Pods-Swinject_Project.debug.xcconfig */;
			buildSettings = {
				ASSETCATALOG_COMPILER_APPICON_NAME = AppIcon;
				ASSETCATALOG_COMPILER_GLOBAL_ACCENT_COLOR_NAME = AccentColor;
				CODE_SIGN_STYLE = Automatic;
				CURRENT_PROJECT_VERSION = 1;
				DEVELOPMENT_TEAM = V4XXQXQMM4;
				GENERATE_INFOPLIST_FILE = YES;
				INFOPLIST_FILE = Swinject_Project/Info.plist;
				INFOPLIST_KEY_UIApplicationSupportsIndirectInputEvents = YES;
				INFOPLIST_KEY_UILaunchStoryboardName = LaunchScreen;
				INFOPLIST_KEY_UISupportedInterfaceOrientations_iPad = "UIInterfaceOrientationPortrait UIInterfaceOrientationPortraitUpsideDown UIInterfaceOrientationLandscapeLeft UIInterfaceOrientationLandscapeRight";
				INFOPLIST_KEY_UISupportedInterfaceOrientations_iPhone = "UIInterfaceOrientationPortrait UIInterfaceOrientationLandscapeLeft UIInterfaceOrientationLandscapeRight";
				LD_RUNPATH_SEARCH_PATHS = (
					"$(inherited)",
					"@executable_path/Frameworks",
				);
				MARKETING_VERSION = 1.0;
				PRODUCT_BUNDLE_IDENTIFIER = "com.afathe7090.Swinject-Project";
				PRODUCT_NAME = "$(TARGET_NAME)";
				SWIFT_EMIT_LOC_STRINGS = YES;
				SWIFT_VERSION = 5.0;
				TARGETED_DEVICE_FAMILY = "1,2";
			};
			name = Debug;
		};
		74BCF19627B18EE70096E583 /* Release */ = {
			isa = XCBuildConfiguration;
			baseConfigurationReference = 1E66237E10826159045BFAF6 /* Pods-Swinject_Project.release.xcconfig */;
			buildSettings = {
				ASSETCATALOG_COMPILER_APPICON_NAME = AppIcon;
				ASSETCATALOG_COMPILER_GLOBAL_ACCENT_COLOR_NAME = AccentColor;
				CODE_SIGN_STYLE = Automatic;
				CURRENT_PROJECT_VERSION = 1;
				DEVELOPMENT_TEAM = V4XXQXQMM4;
				GENERATE_INFOPLIST_FILE = YES;
				INFOPLIST_FILE = Swinject_Project/Info.plist;
				INFOPLIST_KEY_UIApplicationSupportsIndirectInputEvents = YES;
				INFOPLIST_KEY_UILaunchStoryboardName = LaunchScreen;
				INFOPLIST_KEY_UISupportedInterfaceOrientations_iPad = "UIInterfaceOrientationPortrait UIInterfaceOrientationPortraitUpsideDown UIInterfaceOrientationLandscapeLeft UIInterfaceOrientationLandscapeRight";
				INFOPLIST_KEY_UISupportedInterfaceOrientations_iPhone = "UIInterfaceOrientationPortrait UIInterfaceOrientationLandscapeLeft UIInterfaceOrientationLandscapeRight";
				LD_RUNPATH_SEARCH_PATHS = (
					"$(inherited)",
					"@executable_path/Frameworks",
				);
				MARKETING_VERSION = 1.0;
				PRODUCT_BUNDLE_IDENTIFIER = "com.afathe7090.Swinject-Project";
				PRODUCT_NAME = "$(TARGET_NAME)";
				SWIFT_EMIT_LOC_STRINGS = YES;
				SWIFT_VERSION = 5.0;
				TARGETED_DEVICE_FAMILY = "1,2";
			};
			name = Release;
		};
/* End XCBuildConfiguration section */

/* Begin XCConfigurationList section */
		74BCF17B27B18EE40096E583 /* Build configuration list for PBXProject "Swinject_Project" */ = {
			isa = XCConfigurationList;
			buildConfigurations = (
				74BCF19227B18EE70096E583 /* Debug */,
				74BCF19327B18EE70096E583 /* Release */,
			);
			defaultConfigurationIsVisible = 0;
			defaultConfigurationName = Release;
		};
		74BCF19427B18EE70096E583 /* Build configuration list for PBXNativeTarget "Swinject_Project" */ = {
			isa = XCConfigurationList;
			buildConfigurations = (
				74BCF19527B18EE70096E583 /* Debug */,
				74BCF19627B18EE70096E583 /* Release */,
			);
			defaultConfigurationIsVisible = 0;
			defaultConfigurationName = Release;
		};
/* End XCConfigurationList section */
	};
	rootObject = 74BCF17827B18EE40096E583 /* Project object */;
}
